
Microsoft Visual Studio Solution File, Format Version 12.00
# Visual Studio Express 2012 for Windows 8
Project("{FAE04EC0-301F-11D3-BF4B-00C04F79EFBC}") = "OrangeWinRT", "OrangeWinRT\OrangeWinRT.csproj", "{83097BD8-F809-4A88-A55C-5A634D8864C9}"
EndProject
Project("{FAE04EC0-301F-11D3-BF4B-00C04F79EFBC}") = "OrangeWinRT.SampleApp", "OrangeWinRT.SampleApp\OrangeWinRT.SampleApp.csproj", "{986AF2F0-0465-480A-AF5A-6A6A0D096C7D}"
EndProject
Project("{2150E333-8FDC-42A3-9474-1A3956D46DE8}") = ".nuget", ".nuget", "{332A945E-2DE4-43A6-8B25-CDEFDDC22613}"
	ProjectSection(SolutionItems) = preProject
		.nuget\NuGet.Config = .nuget\NuGet.Config
		.nuget\NuGet.exe = .nuget\NuGet.exe
		.nuget\NuGet.targets = .nuget\NuGet.targets
	EndProjectSection
EndProject
Global
	GlobalSection(SolutionConfigurationPlatforms) = preSolution
		Debug|Any CPU = Debug|Any CPU
		Debug|ARM = Debug|ARM
		Debug|x64 = Debug|x64
		Debug|x86 = Debug|x86
		Release|Any CPU = Release|Any CPU
		Release|ARM = Release|ARM
		Release|x64 = Release|x64
		Release|x86 = Release|x86
	EndGlobalSection
	GlobalSection(ProjectConfigurationPlatforms) = postSolution
		{83097BD8-F809-4A88-A55C-5A634D8864C9}.Debug|Any CPU.ActiveCfg = Debug|Any CPU
		{83097BD8-F809-4A88-A55C-5A634D8864C9}.Debug|Any CPU.Build.0 = Debug|Any CPU
		{83097BD8-F809-4A88-A55C-5A634D8864C9}.Debug|ARM.ActiveCfg = Debug|ARM
		{83097BD8-F809-4A88-A55C-5A634D8864C9}.Debug|ARM.Build.0 = Debug|ARM
		{83097BD8-F809-4A88-A55C-5A634D8864C9}.Debug|x64.ActiveCfg = Debug|x64
		{83097BD8-F809-4A88-A55C-5A634D8864C9}.Debug|x64.Build.0 = Debug|x64
		{83097BD8-F809-4A88-A55C-5A634D8864C9}.Debug|x86.ActiveCfg = Debug|x86
		{83097BD8-F809-4A88-A55C-5A634D8864C9}.Debug|x86.Build.0 = Debug|x86
		{83097BD8-F809-4A88-A55C-5A634D8864C9}.Release|Any CPU.ActiveCfg = Release|Any CPU
		{83097BD8-F809-4A88-A55C-5A634D8864C9}.Release|Any CPU.Build.0 = Release|Any CPU
		{83097BD8-F809-4A88-A55C-5A634D8864C9}.Release|ARM.ActiveCfg = Release|ARM
		{83097BD8-F809-4A88-A55C-5A634D8864C9}.Release|ARM.Build.0 = Release|ARM
		{83097BD8-F809-4A88-A55C-5A634D8864C9}.Release|x64.ActiveCfg = Release|x64
		{83097BD8-F809-4A88-A55C-5A634D8864C9}.Release|x64.Build.0 = Release|x64
		{83097BD8-F809-4A88-A55C-5A634D8864C9}.Release|x86.ActiveCfg = Release|x86
		{83097BD8-F809-4A88-A55C-5A634D8864C9}.Release|x86.Build.0 = Release|x86
		{986AF2F0-0465-480A-AF5A-6A6A0D096C7D}.Debug|Any CPU.ActiveCfg = Debug|Any CPU
		{986AF2F0-0465-480A-AF5A-6A6A0D096C7D}.Debug|Any CPU.Build.0 = Debug|Any CPU
		{986AF2F0-0465-480A-AF5A-6A6A0D096C7D}.Debug|Any CPU.Deploy.0 = Debug|Any CPU
		{986AF2F0-0465-480A-AF5A-6A6A0D096C7D}.Debug|ARM.ActiveCfg = Debug|ARM
		{986AF2F0-0465-480A-AF5A-6A6A0D096C7D}.Debug|ARM.Build.0 = Debug|ARM
		{986AF2F0-0465-480A-AF5A-6A6A0D096C7D}.Debug|ARM.Deploy.0 = Debug|ARM
		{986AF2F0-0465-480A-AF5A-6A6A0D096C7D}.Debug|x64.ActiveCfg = Debug|x64
		{986AF2F0-0465-480A-AF5A-6A6A0D096C7D}.Debug|x64.Build.0 = Debug|x64
		{986AF2F0-0465-480A-AF5A-6A6A0D096C7D}.Debug|x64.Deploy.0 = Debug|x64
		{986AF2F0-0465-480A-AF5A-6A6A0D096C7D}.Debug|x86.ActiveCfg = Debug|x86
		{986AF2F0-0465-480A-AF5A-6A6A0D096C7D}.Debug|x86.Build.0 = Debug|x86
		{986AF2F0-0465-480A-AF5A-6A6A0D096C7D}.Debug|x86.Deploy.0 = Debug|x86
		{986AF2F0-0465-480A-AF5A-6A6A0D096C7D}.Release|Any CPU.ActiveCfg = Release|Any CPU
		{986AF2F0-0465-480A-AF5A-6A6A0D096C7D}.Release|Any CPU.Build.0 = Release|Any CPU
		{986AF2F0-0465-480A-AF5A-6A6A0D096C7D}.Release|Any CPU.Deploy.0 = Release|Any CPU
		{986AF2F0-0465-480A-AF5A-6A6A0D096C7D}.Release|ARM.ActiveCfg = Release|ARM
		{986AF2F0-0465-480A-AF5A-6A6A0D096C7D}.Release|ARM.Build.0 = Release|ARM
		{986AF2F0-0465-480A-AF5A-6A6A0D096C7D}.Release|ARM.Deploy.0 = Release|ARM
		{986AF2F0-0465-480A-AF5A-6A6A0D096C7D}.Release|x64.ActiveCfg = Release|x64
		{986AF2F0-0465-480A-AF5A-6A6A0D096C7D}.Release|x64.Build.0 = Release|x64
		{986AF2F0-0465-480A-AF5A-6A6A0D096C7D}.Release|x64.Deploy.0 = Release|x64
		{986AF2F0-0465-480A-AF5A-6A6A0D096C7D}.Release|x86.ActiveCfg = Release|x86
		{986AF2F0-0465-480A-AF5A-6A6A0D096C7D}.Release|x86.Build.0 = Release|x86
		{986AF2F0-0465-480A-AF5A-6A6A0D096C7D}.Release|x86.Deploy.0 = Release|x86
	EndGlobalSection
	GlobalSection(SolutionProperties) = preSolution
		HideSolutionNode = FALSE
	EndGlobalSection
EndGlobal
